
Microsoft Visual Studio Solution File, Format Version 12.00
# Visual Studio 15
VisualStudioVersion = 15.0.27703.2035
MinimumVisualStudioVersion = 10.0.40219.1
Project("{9A19103F-16F7-4668-BE54-9A1E7A4F7556}") = "LittleWeebLibrary", "LittleWeebLibrary.csproj", "{DA9014D9-1B3F-442E-BDE0-C22BDAB505DB}"
EndProject
Global
	GlobalSection(SolutionConfigurationPlatforms) = preSolution
		Debug Android_|Any CPU = Debug Android_|Any CPU
		Debug|Any CPU = Debug|Any CPU
		Release Android|Any CPU = Release Android|Any CPU
		Release|Any CPU = Release|Any CPU
	EndGlobalSection
	GlobalSection(ProjectConfigurationPlatforms) = postSolution
		{DA9014D9-1B3F-442E-BDE0-C22BDAB505DB}.Debug Android_|Any CPU.ActiveCfg = Debug Android_|Any CPU
		{DA9014D9-1B3F-442E-BDE0-C22BDAB505DB}.Debug Android_|Any CPU.Build.0 = Debug Android_|Any CPU
		{DA9014D9-1B3F-442E-BDE0-C22BDAB505DB}.Debug|Any CPU.ActiveCfg = Debug|Any CPU
		{DA9014D9-1B3F-442E-BDE0-C22BDAB505DB}.Debug|Any CPU.Build.0 = Debug|Any CPU
		{DA9014D9-1B3F-442E-BDE0-C22BDAB505DB}.Release Android|Any CPU.ActiveCfg = Release Android|Any CPU
		{DA9014D9-1B3F-442E-BDE0-C22BDAB505DB}.Release Android|Any CPU.Build.0 = Release Android|Any CPU
		{DA9014D9-1B3F-442E-BDE0-C22BDAB505DB}.Release|Any CPU.ActiveCfg = Release|Any CPU
		{DA9014D9-1B3F-442E-BDE0-C22BDAB505DB}.Release|Any CPU.Build.0 = Release|Any CPU
	EndGlobalSection
	GlobalSection(SolutionProperties) = preSolution
		HideSolutionNode = FALSE
	EndGlobalSection
	GlobalSection(ExtensibilityGlobals) = postSolution
		SolutionGuid = {E59FFE4B-2504-456F-8BEE-962211A1E8E1}
	EndGlobalSection
EndGlobal
